
Microsoft Visual Studio Solution File, Format Version 12.00
# Visual Studio 2012
Project("{FAE04EC0-301F-11D3-BF4B-00C04F79EFBC}") = "CodeOwls.TxF", "CodeOwls.TxF\CodeOwls.TxF.csproj", "{08F6A2E5-B107-4C73-94D8-610832B262F6}"
EndProject
Project("{FAE04EC0-301F-11D3-BF4B-00C04F79EFBC}") = "CodeOwls.PowerShell.Paths", "CodeOwls.PowerShell\CodeOwls.PowerShell.Paths\CodeOwls.PowerShell.Paths.csproj", "{ED0453C7-C25A-4354-AC7A-046846D5E7FF}"
EndProject
Project("{FAE04EC0-301F-11D3-BF4B-00C04F79EFBC}") = "CodeOwls.PowerShell.Provider", "CodeOwls.PowerShell\CodeOwls.PowerShell.Provider\CodeOwls.PowerShell.Provider.csproj", "{B352375B-7C58-4943-95C0-14871E17A208}"
EndProject
Project("{FAE04EC0-301F-11D3-BF4B-00C04F79EFBC}") = "CodeOwls.Txf.Tests", "CodeOwls.Txf.Tests\CodeOwls.Txf.Tests.csproj", "{36DAB6F1-E1EE-4096-9578-DD684A324055}"
EndProject
Global
	GlobalSection(SolutionConfigurationPlatforms) = preSolution
		Debug|Any CPU = Debug|Any CPU
		Release|Any CPU = Release|Any CPU
	EndGlobalSection
	GlobalSection(ProjectConfigurationPlatforms) = postSolution
		{08F6A2E5-B107-4C73-94D8-610832B262F6}.Debug|Any CPU.ActiveCfg = Debug|Any CPU
		{08F6A2E5-B107-4C73-94D8-610832B262F6}.Debug|Any CPU.Build.0 = Debug|Any CPU
		{08F6A2E5-B107-4C73-94D8-610832B262F6}.Release|Any CPU.ActiveCfg = Release|Any CPU
		{08F6A2E5-B107-4C73-94D8-610832B262F6}.Release|Any CPU.Build.0 = Release|Any CPU
		{ED0453C7-C25A-4354-AC7A-046846D5E7FF}.Debug|Any CPU.ActiveCfg = Debug|Any CPU
		{ED0453C7-C25A-4354-AC7A-046846D5E7FF}.Debug|Any CPU.Build.0 = Debug|Any CPU
		{ED0453C7-C25A-4354-AC7A-046846D5E7FF}.Release|Any CPU.ActiveCfg = Release|Any CPU
		{ED0453C7-C25A-4354-AC7A-046846D5E7FF}.Release|Any CPU.Build.0 = Release|Any CPU
		{B352375B-7C58-4943-95C0-14871E17A208}.Debug|Any CPU.ActiveCfg = Debug|Any CPU
		{B352375B-7C58-4943-95C0-14871E17A208}.Debug|Any CPU.Build.0 = Debug|Any CPU
		{B352375B-7C58-4943-95C0-14871E17A208}.Release|Any CPU.ActiveCfg = Release|Any CPU
		{B352375B-7C58-4943-95C0-14871E17A208}.Release|Any CPU.Build.0 = Release|Any CPU
		{36DAB6F1-E1EE-4096-9578-DD684A324055}.Debug|Any CPU.ActiveCfg = Debug|Any CPU
		{36DAB6F1-E1EE-4096-9578-DD684A324055}.Debug|Any CPU.Build.0 = Debug|Any CPU
		{36DAB6F1-E1EE-4096-9578-DD684A324055}.Release|Any CPU.ActiveCfg = Release|Any CPU
		{36DAB6F1-E1EE-4096-9578-DD684A324055}.Release|Any CPU.Build.0 = Release|Any CPU
	EndGlobalSection
	GlobalSection(SolutionProperties) = preSolution
		HideSolutionNode = FALSE
	EndGlobalSection
EndGlobal
